
Microsoft Visual Studio Solution File, Format Version 12.00
# Visual Studio 14
VisualStudioVersion = 14.0.24720.0
MinimumVisualStudioVersion = 10.0.40219.1
Project("{2150E333-8FDC-42A3-9474-1A3956D46DE8}") = "SolutionItems", "SolutionItems", "{1484F19F-C7CC-42BE-888F-FE8A348AE8C0}"
	ProjectSection(SolutionItems) = preProject
		AllRules.ruleset = AllRules.ruleset
		Settings.StyleCop = Settings.StyleCop
	EndProjectSection
EndProject
Project("{FAE04EC0-301F-11D3-BF4B-00C04F79EFBC}") = "FxCopCustomTestRunLibrary", "FxCopCustomTestRunLibrary\FxCopCustomTestRunLibrary.csproj", "{07EDF7E0-2235-4309-8613-9404BD9764FD}"
EndProject
Project("{FAE04EC0-301F-11D3-BF4B-00C04F79EFBC}") = "ViolationLibrary", "ViolationLibrary\ViolationLibrary.csproj", "{22BC2CC5-4746-42EC-B57E-875E82410CAB}"
EndProject
Project("{FAE04EC0-301F-11D3-BF4B-00C04F79EFBC}") = "FxCopCustom", "FxCopCustom\FxCopCustom.csproj", "{EFFC3CCD-F3C6-49FC-9D67-235B965F9ADE}"
EndProject
Project("{FAE04EC0-301F-11D3-BF4B-00C04F79EFBC}") = "PhoenixCustomTestRunLibrary", "PhoenixCustomTestRunLibrary\PhoenixCustomTestRunLibrary.csproj", "{1B6BDD94-D64F-4A45-9148-2DAF4F8DA8D5}"
EndProject
Project("{FAE04EC0-301F-11D3-BF4B-00C04F79EFBC}") = "PhoenixCustom", "PhoenixCustom\PhoenixCustom.csproj", "{BC6C9510-BB4E-4047-8968-4AFDA71A8C32}"
EndProject
Project("{FAE04EC0-301F-11D3-BF4B-00C04F79EFBC}") = "StyleCopCustom", "StyleCopCustom\StyleCopCustom.csproj", "{FD92C12C-1935-4FB0-A7B0-5F3970CA05CE}"
EndProject
Project("{FAE04EC0-301F-11D3-BF4B-00C04F79EFBC}") = "StyleCopCustomUnitTest", "StyleCopCustomUnitTest\StyleCopCustomUnitTest.csproj", "{C5EC58BF-173A-4552-B537-B5B441150920}"
EndProject
Project("{FAE04EC0-301F-11D3-BF4B-00C04F79EFBC}") = "FxCopCustomUnitTest", "FxCopCustomUnitTest\FxCopCustomUnitTest.csproj", "{978084E3-6782-4040-AFA8-FA03A0485A8A}"
EndProject
Global
	GlobalSection(SolutionConfigurationPlatforms) = preSolution
		Debug|Any CPU = Debug|Any CPU
		Release|Any CPU = Release|Any CPU
	EndGlobalSection
	GlobalSection(ProjectConfigurationPlatforms) = postSolution
		{07EDF7E0-2235-4309-8613-9404BD9764FD}.Debug|Any CPU.ActiveCfg = Debug|Any CPU
		{07EDF7E0-2235-4309-8613-9404BD9764FD}.Debug|Any CPU.Build.0 = Debug|Any CPU
		{07EDF7E0-2235-4309-8613-9404BD9764FD}.Release|Any CPU.ActiveCfg = Release|Any CPU
		{07EDF7E0-2235-4309-8613-9404BD9764FD}.Release|Any CPU.Build.0 = Release|Any CPU
		{22BC2CC5-4746-42EC-B57E-875E82410CAB}.Debug|Any CPU.ActiveCfg = Debug|Any CPU
		{22BC2CC5-4746-42EC-B57E-875E82410CAB}.Debug|Any CPU.Build.0 = Debug|Any CPU
		{22BC2CC5-4746-42EC-B57E-875E82410CAB}.Release|Any CPU.ActiveCfg = Release|Any CPU
		{22BC2CC5-4746-42EC-B57E-875E82410CAB}.Release|Any CPU.Build.0 = Release|Any CPU
		{EFFC3CCD-F3C6-49FC-9D67-235B965F9ADE}.Debug|Any CPU.ActiveCfg = Debug|Any CPU
		{EFFC3CCD-F3C6-49FC-9D67-235B965F9ADE}.Debug|Any CPU.Build.0 = Debug|Any CPU
		{EFFC3CCD-F3C6-49FC-9D67-235B965F9ADE}.Release|Any CPU.ActiveCfg = Release|Any CPU
		{EFFC3CCD-F3C6-49FC-9D67-235B965F9ADE}.Release|Any CPU.Build.0 = Release|Any CPU
		{1B6BDD94-D64F-4A45-9148-2DAF4F8DA8D5}.Debug|Any CPU.ActiveCfg = Debug|Any CPU
		{1B6BDD94-D64F-4A45-9148-2DAF4F8DA8D5}.Debug|Any CPU.Build.0 = Debug|Any CPU
		{1B6BDD94-D64F-4A45-9148-2DAF4F8DA8D5}.Release|Any CPU.ActiveCfg = Release|Any CPU
		{1B6BDD94-D64F-4A45-9148-2DAF4F8DA8D5}.Release|Any CPU.Build.0 = Release|Any CPU
		{BC6C9510-BB4E-4047-8968-4AFDA71A8C32}.Debug|Any CPU.ActiveCfg = Debug|Any CPU
		{BC6C9510-BB4E-4047-8968-4AFDA71A8C32}.Debug|Any CPU.Build.0 = Debug|Any CPU
		{BC6C9510-BB4E-4047-8968-4AFDA71A8C32}.Release|Any CPU.ActiveCfg = Release|Any CPU
		{BC6C9510-BB4E-4047-8968-4AFDA71A8C32}.Release|Any CPU.Build.0 = Release|Any CPU
		{FD92C12C-1935-4FB0-A7B0-5F3970CA05CE}.Debug|Any CPU.ActiveCfg = Debug|Any CPU
		{FD92C12C-1935-4FB0-A7B0-5F3970CA05CE}.Debug|Any CPU.Build.0 = Debug|Any CPU
		{FD92C12C-1935-4FB0-A7B0-5F3970CA05CE}.Release|Any CPU.ActiveCfg = Release|Any CPU
		{FD92C12C-1935-4FB0-A7B0-5F3970CA05CE}.Release|Any CPU.Build.0 = Release|Any CPU
		{C5EC58BF-173A-4552-B537-B5B441150920}.Debug|Any CPU.ActiveCfg = Debug|Any CPU
		{C5EC58BF-173A-4552-B537-B5B441150920}.Debug|Any CPU.Build.0 = Debug|Any CPU
		{C5EC58BF-173A-4552-B537-B5B441150920}.Release|Any CPU.ActiveCfg = Release|Any CPU
		{C5EC58BF-173A-4552-B537-B5B441150920}.Release|Any CPU.Build.0 = Release|Any CPU
		{978084E3-6782-4040-AFA8-FA03A0485A8A}.Debug|Any CPU.ActiveCfg = Debug|Any CPU
		{978084E3-6782-4040-AFA8-FA03A0485A8A}.Debug|Any CPU.Build.0 = Debug|Any CPU
		{978084E3-6782-4040-AFA8-FA03A0485A8A}.Release|Any CPU.ActiveCfg = Release|Any CPU
		{978084E3-6782-4040-AFA8-FA03A0485A8A}.Release|Any CPU.Build.0 = Release|Any CPU
	EndGlobalSection
	GlobalSection(SolutionProperties) = preSolution
		HideSolutionNode = FALSE
	EndGlobalSection
EndGlobal
